
Microsoft Visual Studio Solution File, Format Version 12.00
# Visual Studio 15
VisualStudioVersion = 15.0.26228.4
MinimumVisualStudioVersion = 10.0.40219.1
Project("{FAE04EC0-301F-11D3-BF4B-00C04F79EFBC}") = "GuildedRoseLib", "GuildedRoseLib\GuildedRoseLib.csproj", "{5EB8EB46-8292-4838-B99C-52EB7EF18420}"
EndProject
Project("{FAE04EC0-301F-11D3-BF4B-00C04F79EFBC}") = "GuildedRoseTestProject", "UnitTestProject1\GuildedRoseTestProject.csproj", "{24B02161-83B4-47BA-8712-8C3BE751EDE3}"
EndProject
Project("{FAE04EC0-301F-11D3-BF4B-00C04F79EFBC}") = "GuildedRoseConsole", "GuildedRoseConsole\GuildedRoseConsole.csproj", "{47281226-6C2E-4084-B64C-84225763F0C9}"
EndProject
Project("{2150E333-8FDC-42A3-9474-1A3956D46DE8}") = "Solution Items", "Solution Items", "{98DD6104-F030-4D37-A057-E642436625C4}"
	ProjectSection(SolutionItems) = preProject
		readme.md = readme.md
	EndProjectSection
EndProject
Global
	GlobalSection(SolutionConfigurationPlatforms) = preSolution
		Debug|Any CPU = Debug|Any CPU
		Release|Any CPU = Release|Any CPU
	EndGlobalSection
	GlobalSection(ProjectConfigurationPlatforms) = postSolution
		{5EB8EB46-8292-4838-B99C-52EB7EF18420}.Debug|Any CPU.ActiveCfg = Debug|Any CPU
		{5EB8EB46-8292-4838-B99C-52EB7EF18420}.Debug|Any CPU.Build.0 = Debug|Any CPU
		{5EB8EB46-8292-4838-B99C-52EB7EF18420}.Release|Any CPU.ActiveCfg = Release|Any CPU
		{5EB8EB46-8292-4838-B99C-52EB7EF18420}.Release|Any CPU.Build.0 = Release|Any CPU
		{24B02161-83B4-47BA-8712-8C3BE751EDE3}.Debug|Any CPU.ActiveCfg = Debug|Any CPU
		{24B02161-83B4-47BA-8712-8C3BE751EDE3}.Debug|Any CPU.Build.0 = Debug|Any CPU
		{24B02161-83B4-47BA-8712-8C3BE751EDE3}.Release|Any CPU.ActiveCfg = Release|Any CPU
		{24B02161-83B4-47BA-8712-8C3BE751EDE3}.Release|Any CPU.Build.0 = Release|Any CPU
		{47281226-6C2E-4084-B64C-84225763F0C9}.Debug|Any CPU.ActiveCfg = Debug|Any CPU
		{47281226-6C2E-4084-B64C-84225763F0C9}.Debug|Any CPU.Build.0 = Debug|Any CPU
		{47281226-6C2E-4084-B64C-84225763F0C9}.Release|Any CPU.ActiveCfg = Release|Any CPU
		{47281226-6C2E-4084-B64C-84225763F0C9}.Release|Any CPU.Build.0 = Release|Any CPU
	EndGlobalSection
	GlobalSection(SolutionProperties) = preSolution
		HideSolutionNode = FALSE
	EndGlobalSection
EndGlobal
